<?xml version="1.0" encoding="utf-8"?>
<Project ToolsVersion="4.0" xmlns="http://schemas.microsoft.com/developer/msbuild/2003">
  <ItemGroup>
    <Filter Include="Shaders">
      <UniqueIdentifier>{43aa3f13-dd9e-43d7-8321-ba54a1e3400f}</UniqueIdentifier>
    </Filter>
  </ItemGroup>
  <ItemGroup>
    <None Include="$(MSBuildThisFileDirectory)Shaders\INCShadowmap.hlsli">
      <Filter>Shaders</Filter>
    </None>
    <None Include="$(MSBuildThisFileDirectory)Shaders\INCStructs.hlsli">
      <Filter>Shaders</Filter>
    </None>
  </ItemGroup>
  <ItemGroup>
    <FxCompile Include="$(MSBuildThisFileDirectory)Shaders\PSPNTStatic.hlsl">
      <Filter>Shaders</Filter>
    </FxCompile>
    <FxCompile Include="$(MSBuildThisFileDirectory)Shaders\VSPNTStatic.hlsl">
      <Filter>Shaders</Filter>
    </FxCompile>
    <FxCompile Include="$(MSBuildThisFileDirectory)Shaders\VSShadowmap.hlsl">
      <Filter>Shaders</Filter>
    </FxCompile>
    <FxCompile Include="$(MSBuildThisFileDirectory)Shaders\VSShadowmapBone.hlsl">
      <Filter>Shaders</Filter>
    </FxCompile>
    <FxCompile Include="$(MSBuildThisFileDirectory)Shaders\PSPNTStaticShadow.hlsl">
      <Filter>Shaders</Filter>
    </FxCompile>
    <FxCompile Include="$(MSBuildThisFileDirectory)Shaders\PSPNTStaticShadow2.hlsl">
      <Filter>Shaders</Filter>
    </FxCompile>
    <FxCompile Include="$(MSBuildThisFileDirectory)Shaders\VSPNTStaticShadow.hlsl">
      <Filter>Shaders</Filter>
    </FxCompile>
    <FxCompile Include="$(MSBuildThisFileDirectory)Shaders\PSPCTStatic.hlsl">
      <Filter>Shaders</Filter>
    </FxCompile>
    <FxCompile Include="$(MSBuildThisFileDirectory)Shaders\VSPCTStatic.hlsl">
      <Filter>Shaders</Filter>
    </FxCompile>
    <FxCompile Include="$(MSBuildThisFileDirectory)Shaders\VSPCTInstance.hlsl">
      <Filter>Shaders</Filter>
    </FxCompile>
    <FxCompile Include="$(MSBuildThisFileDirectory)Shaders\PSPCTSprite.hlsl">
      <Filter>Shaders</Filter>
    </FxCompile>
    <FxCompile Include="$(MSBuildThisFileDirectory)Shaders\PSPTSprite.hlsl">
      <Filter>Shaders</Filter>
    </FxCompile>
    <FxCompile Include="$(MSBuildThisFileDirectory)Shaders\VSPCTSprite.hlsl">
      <Filter>Shaders</Filter>
    </FxCompile>
    <FxCompile Include="$(MSBuildThisFileDirectory)Shaders\VSPTSprite.hlsl">
      <Filter>Shaders</Filter>
    </FxCompile>
    <FxCompile Include="$(MSBuildThisFileDirectory)Shaders\PSPCSprite.hlsl">
      <Filter>Shaders</Filter>
    </FxCompile>
    <FxCompile Include="$(MSBuildThisFileDirectory)Shaders\VSPCSprite.hlsl">
      <Filter>Shaders</Filter>
    </FxCompile>
    <FxCompile Include="$(MSBuildThisFileDirectory)Shaders\PSPCStatic.hlsl">
      <Filter>Shaders</Filter>
    </FxCompile>
    <FxCompile Include="$(MSBuildThisFileDirectory)Shaders\VSPCStatic.hlsl">
      <Filter>Shaders</Filter>
    </FxCompile>
  </ItemGroup>
</Project>