
Microsoft Visual Studio Solution File, Format Version 12.00
# Visual Studio 15
VisualStudioVersion = 15.0.27428.2005
MinimumVisualStudioVersion = 10.0.40219.1
Project("{8BC9CEB8-8B4A-11D0-8D11-00A0C91BC942}") = "BaseCrossDx11_17", "BaseCrossDx11\BaseCrossDx11_17.vcxproj", "{6926A431-0C26-4D69-9640-271F3DC6C2A5}"
	ProjectSection(ProjectDependencies) = postProject
		{371B9FA9-4C90-4AC6-A123-ACED756D6C77} = {371B9FA9-4C90-4AC6-A123-ACED756D6C77}
	EndProjectSection
EndProject
Project("{2150E333-8FDC-42A3-9474-1A3956D46DE8}") = "Libs", "Libs", "{7BCEAC25-6BDC-4622-AD85-530961C9D141}"
EndProject
Project("{8BC9CEB8-8B4A-11D0-8D11-00A0C91BC942}") = "DirectXTex", "..\Libs\DirectXTex\DirectXTex_Desktop_2015_17.vcxproj", "{371B9FA9-4C90-4AC6-A123-ACED756D6C77}"
EndProject
Project("{8BC9CEB8-8B4A-11D0-8D11-00A0C91BC942}") = "Dx11FullLib", "..\Libs\BaseLib\Dx11FullLib\Dx11FullLib.vcxitems", "{12B4EA0B-BF4F-4C4E-B659-DD6561EA2666}"
EndProject
Project("{8BC9CEB8-8B4A-11D0-8D11-00A0C91BC942}") = "Dx11Lib", "..\Libs\BaseLib\Dx11Lib\Dx11Lib.vcxitems", "{45D41ACC-2C3C-43D2-BC10-02AA73FFC7C7}"
EndProject
Project("{8BC9CEB8-8B4A-11D0-8D11-00A0C91BC942}") = "DxFullLib", "..\Libs\BaseLib\DxFullLib\DxFullLib.vcxitems", "{B57F14D4-0224-4E49-B829-4273487291E9}"
EndProject
Project("{8BC9CEB8-8B4A-11D0-8D11-00A0C91BC942}") = "DxLib", "..\Libs\BaseLib\DxLib\DxLib.vcxitems", "{974C28F3-3934-456B-BE8E-408774EF14CF}"
EndProject
Project("{8BC9CEB8-8B4A-11D0-8D11-00A0C91BC942}") = "GameSources", "GameSources\GameSources.vcxitems", "{8C1D084C-C178-4A5D-84D5-9D8B94E39AB0}"
EndProject
Global
	GlobalSection(SharedMSBuildProjectFiles) = preSolution
		..\Libs\BaseLib\Dx11FullLib\Dx11FullLib.vcxitems*{12b4ea0b-bf4f-4c4e-b659-dd6561ea2666}*SharedItemsImports = 9
		..\Libs\BaseLib\Dx11Lib\Dx11Lib.vcxitems*{45d41acc-2c3c-43d2-bc10-02aa73ffc7c7}*SharedItemsImports = 9
		GameSources\GameSources.vcxitems*{6926a431-0c26-4d69-9640-271f3dc6c2a5}*SharedItemsImports = 4
		..\Libs\BaseLib\Dx11FullLib\Dx11FullLib.vcxitems*{6926a431-0c26-4d69-9640-271f3dc6c2a5}*SharedItemsImports = 4
		..\Libs\BaseLib\Dx11Lib\Dx11Lib.vcxitems*{6926a431-0c26-4d69-9640-271f3dc6c2a5}*SharedItemsImports = 4
		..\Libs\BaseLib\DxFullLib\DxFullLib.vcxitems*{6926a431-0c26-4d69-9640-271f3dc6c2a5}*SharedItemsImports = 4
		..\Libs\BaseLib\DxLib\DxLib.vcxitems*{6926a431-0c26-4d69-9640-271f3dc6c2a5}*SharedItemsImports = 4
		..\Libs\BaseLib\SharedLib\SharedLib.vcxitems*{6926a431-0c26-4d69-9640-271f3dc6c2a5}*SharedItemsImports = 4
		GameSources\GameSources.vcxitems*{8c1d084c-c178-4a5d-84d5-9d8b94e39ab0}*SharedItemsImports = 9
		..\Libs\BaseLib\DxLib\DxLib.vcxitems*{974c28f3-3934-456b-be8e-408774ef14cf}*SharedItemsImports = 9
		..\Libs\BaseLib\DxFullLib\DxFullLib.vcxitems*{b57f14d4-0224-4e49-b829-4273487291e9}*SharedItemsImports = 9
	EndGlobalSection
	GlobalSection(SolutionConfigurationPlatforms) = preSolution
		Debug|x86 = Debug|x86
		Release|x86 = Release|x86
	EndGlobalSection
	GlobalSection(ProjectConfigurationPlatforms) = postSolution
		{6926A431-0C26-4D69-9640-271F3DC6C2A5}.Debug|x86.ActiveCfg = Debug|Win32
		{6926A431-0C26-4D69-9640-271F3DC6C2A5}.Debug|x86.Build.0 = Debug|Win32
		{6926A431-0C26-4D69-9640-271F3DC6C2A5}.Release|x86.ActiveCfg = Release|Win32
		{6926A431-0C26-4D69-9640-271F3DC6C2A5}.Release|x86.Build.0 = Release|Win32
		{371B9FA9-4C90-4AC6-A123-ACED756D6C77}.Debug|x86.ActiveCfg = Debug|Win32
		{371B9FA9-4C90-4AC6-A123-ACED756D6C77}.Debug|x86.Build.0 = Debug|Win32
		{371B9FA9-4C90-4AC6-A123-ACED756D6C77}.Release|x86.ActiveCfg = Release|Win32
		{371B9FA9-4C90-4AC6-A123-ACED756D6C77}.Release|x86.Build.0 = Release|Win32
	EndGlobalSection
	GlobalSection(SolutionProperties) = preSolution
		HideSolutionNode = FALSE
	EndGlobalSection
	GlobalSection(NestedProjects) = preSolution
		{371B9FA9-4C90-4AC6-A123-ACED756D6C77} = {7BCEAC25-6BDC-4622-AD85-530961C9D141}
		{12B4EA0B-BF4F-4C4E-B659-DD6561EA2666} = {7BCEAC25-6BDC-4622-AD85-530961C9D141}
		{45D41ACC-2C3C-43D2-BC10-02AA73FFC7C7} = {7BCEAC25-6BDC-4622-AD85-530961C9D141}
		{B57F14D4-0224-4E49-B829-4273487291E9} = {7BCEAC25-6BDC-4622-AD85-530961C9D141}
		{974C28F3-3934-456B-BE8E-408774EF14CF} = {7BCEAC25-6BDC-4622-AD85-530961C9D141}
	EndGlobalSection
	GlobalSection(ExtensibilityGlobals) = postSolution
		SolutionGuid = {26638515-B3E4-481D-97B5-392734C585F0}
	EndGlobalSection
EndGlobal
